
Microsoft Visual Studio Solution File, Format Version 12.00
# Visual Studio 15
VisualStudioVersion = 15.0.27703.2042
MinimumVisualStudioVersion = 10.0.40219.1
Project("{FAE04EC0-301F-11D3-BF4B-00C04F79EFBC}") = "LuceneDummy", "LuceneDummy\LuceneDummy.csproj", "{7BD5EDC2-4905-4DFB-ADF0-CB1115544874}"
EndProject
Global
	GlobalSection(SolutionConfigurationPlatforms) = preSolution
		Debug|Any CPU = Debug|Any CPU
		Release|Any CPU = Release|Any CPU
	EndGlobalSection
	GlobalSection(ProjectConfigurationPlatforms) = postSolution
		{7BD5EDC2-4905-4DFB-ADF0-CB1115544874}.Debug|Any CPU.ActiveCfg = Debug|Any CPU
		{7BD5EDC2-4905-4DFB-ADF0-CB1115544874}.Debug|Any CPU.Build.0 = Debug|Any CPU
		{7BD5EDC2-4905-4DFB-ADF0-CB1115544874}.Release|Any CPU.ActiveCfg = Release|Any CPU
		{7BD5EDC2-4905-4DFB-ADF0-CB1115544874}.Release|Any CPU.Build.0 = Release|Any CPU
	EndGlobalSection
	GlobalSection(SolutionProperties) = preSolution
		HideSolutionNode = FALSE
	EndGlobalSection
	GlobalSection(ExtensibilityGlobals) = postSolution
		SolutionGuid = {C84BFA64-6A55-49E1-8B2A-A7F09293A676}
	EndGlobalSection
EndGlobal
